// !$*UTF8*$!
{
	archiveVersion = 1;
	classes = {
	};
	objectVersion = 46;
	objects = {

/* Begin PBXBuildFile section */
		4C5D25B46C2AC69095A69689 /* Pods_Blagh.framework in Frameworks */ = {isa = PBXBuildFile; fileRef = E38BDA17BE5EC022DED8363C /* Pods_Blagh.framework */; };
		77AFAC801C53F887008FC89C /* GenericTable.swift in Sources */ = {isa = PBXBuildFile; fileRef = 77AFAC7F1C53F887008FC89C /* GenericTable.swift */; };
		77AFAC821C540164008FC89C /* PostEditorVC.swift in Sources */ = {isa = PBXBuildFile; fileRef = 77AFAC811C540164008FC89C /* PostEditorVC.swift */; };
		77AFAC841C54048F008FC89C /* libsqlite3.dylib in Frameworks */ = {isa = PBXBuildFile; fileRef = 77AFAC831C54048F008FC89C /* libsqlite3.dylib */; };
		77AFAC861C543922008FC89C /* ElementCell.swift in Sources */ = {isa = PBXBuildFile; fileRef = 77AFAC851C543922008FC89C /* ElementCell.swift */; };
		77AFAC881C543A1E008FC89C /* TextCell.swift in Sources */ = {isa = PBXBuildFile; fileRef = 77AFAC871C543A1E008FC89C /* TextCell.swift */; };
		77AFAC8A1C543F41008FC89C /* ElementCell.xib in Resources */ = {isa = PBXBuildFile; fileRef = 77AFAC891C543F41008FC89C /* ElementCell.xib */; };
		77C4D3321C5157700082168B /* TextEditorVC.swift in Sources */ = {isa = PBXBuildFile; fileRef = 77C4D3311C51576F0082168B /* TextEditorVC.swift */; };
		77C4D3341C516B2F0082168B /* Singleton.swift in Sources */ = {isa = PBXBuildFile; fileRef = 77C4D3331C516B2F0082168B /* Singleton.swift */; };
		77C4D3361C517CA60082168B /* KeyboardManager.swift in Sources */ = {isa = PBXBuildFile; fileRef = 77C4D3351C517CA60082168B /* KeyboardManager.swift */; };
		77E2AE091C50A88E006EE318 /* AppDelegate.swift in Sources */ = {isa = PBXBuildFile; fileRef = 77E2AE081C50A88E006EE318 /* AppDelegate.swift */; };
		77E2AE0B1C50A88E006EE318 /* ViewController.swift in Sources */ = {isa = PBXBuildFile; fileRef = 77E2AE0A1C50A88E006EE318 /* ViewController.swift */; };
		77E2AE0E1C50A88E006EE318 /* Main.storyboard in Resources */ = {isa = PBXBuildFile; fileRef = 77E2AE0C1C50A88E006EE318 /* Main.storyboard */; };
		77E2AE101C50A88F006EE318 /* Assets.xcassets in Resources */ = {isa = PBXBuildFile; fileRef = 77E2AE0F1C50A88F006EE318 /* Assets.xcassets */; };
		77E2AE131C50A88F006EE318 /* LaunchScreen.storyboard in Resources */ = {isa = PBXBuildFile; fileRef = 77E2AE111C50A88F006EE318 /* LaunchScreen.storyboard */; };
		77E2AE1E1C50A88F006EE318 /* BlaghTests.swift in Sources */ = {isa = PBXBuildFile; fileRef = 77E2AE1D1C50A88F006EE318 /* BlaghTests.swift */; };
		77E2AE291C50A88F006EE318 /* BlaghUITests.swift in Sources */ = {isa = PBXBuildFile; fileRef = 77E2AE281C50A88F006EE318 /* BlaghUITests.swift */; };
		77E2AE381C50A92A006EE318 /* SwiftSpinner.swift in Sources */ = {isa = PBXBuildFile; fileRef = 77E2AE361C50A92A006EE318 /* SwiftSpinner.swift */; };
		77E2AE391C50A92A006EE318 /* ImageLoader.swift in Sources */ = {isa = PBXBuildFile; fileRef = 77E2AE371C50A92A006EE318 /* ImageLoader.swift */; };
		77E2AE3E1C50A9AA006EE318 /* UserVC.swift in Sources */ = {isa = PBXBuildFile; fileRef = 77E2AE3D1C50A9AA006EE318 /* UserVC.swift */; };
		77E2AE401C50A9AE006EE318 /* SettingsVC.swift in Sources */ = {isa = PBXBuildFile; fileRef = 77E2AE3F1C50A9AE006EE318 /* SettingsVC.swift */; };
		77E2AE421C50A9B4006EE318 /* CenterVC.swift in Sources */ = {isa = PBXBuildFile; fileRef = 77E2AE411C50A9B4006EE318 /* CenterVC.swift */; };
/* End PBXBuildFile section */

/* Begin PBXContainerItemProxy section */
		77E2AE1A1C50A88F006EE318 /* PBXContainerItemProxy */ = {
			isa = PBXContainerItemProxy;
			containerPortal = 77E2ADFD1C50A88E006EE318 /* Project object */;
			proxyType = 1;
			remoteGlobalIDString = 77E2AE041C50A88E006EE318;
			remoteInfo = Blagh;
		};
		77E2AE251C50A88F006EE318 /* PBXContainerItemProxy */ = {
			isa = PBXContainerItemProxy;
			containerPortal = 77E2ADFD1C50A88E006EE318 /* Project object */;
			proxyType = 1;
			remoteGlobalIDString = 77E2AE041C50A88E006EE318;
			remoteInfo = Blagh;
		};
/* End PBXContainerItemProxy section */

/* Begin PBXFileReference section */
		61EACAFA28E3083EA7388738 /* Pods-Blagh.debug.xcconfig */ = {isa = PBXFileReference; includeInIndex = 1; lastKnownFileType = text.xcconfig; name = "Pods-Blagh.debug.xcconfig"; path = "Pods/Target Support Files/Pods-Blagh/Pods-Blagh.debug.xcconfig"; sourceTree = "<group>"; };
		77AFAC7F1C53F887008FC89C /* GenericTable.swift */ = {isa = PBXFileReference; fileEncoding = 4; lastKnownFileType = sourcecode.swift; path = GenericTable.swift; sourceTree = "<group>"; };
		77AFAC811C540164008FC89C /* PostEditorVC.swift */ = {isa = PBXFileReference; fileEncoding = 4; lastKnownFileType = sourcecode.swift; path = PostEditorVC.swift; sourceTree = "<group>"; };
		77AFAC831C54048F008FC89C /* libsqlite3.dylib */ = {isa = PBXFileReference; lastKnownFileType = "compiled.mach-o.dylib"; name = libsqlite3.dylib; path = ../../../../usr/lib/libsqlite3.dylib; sourceTree = "<group>"; };
		77AFAC851C543922008FC89C /* ElementCell.swift */ = {isa = PBXFileReference; fileEncoding = 4; lastKnownFileType = sourcecode.swift; path = ElementCell.swift; sourceTree = "<group>"; };
		77AFAC871C543A1E008FC89C /* TextCell.swift */ = {isa = PBXFileReference; fileEncoding = 4; lastKnownFileType = sourcecode.swift; path = TextCell.swift; sourceTree = "<group>"; };
		77AFAC891C543F41008FC89C /* ElementCell.xib */ = {isa = PBXFileReference; fileEncoding = 4; lastKnownFileType = file.xib; path = ElementCell.xib; sourceTree = "<group>"; };
		77C4D3311C51576F0082168B /* TextEditorVC.swift */ = {isa = PBXFileReference; fileEncoding = 4; lastKnownFileType = sourcecode.swift; path = TextEditorVC.swift; sourceTree = "<group>"; };
		77C4D3331C516B2F0082168B /* Singleton.swift */ = {isa = PBXFileReference; fileEncoding = 4; lastKnownFileType = sourcecode.swift; path = Singleton.swift; sourceTree = "<group>"; };
		77C4D3351C517CA60082168B /* KeyboardManager.swift */ = {isa = PBXFileReference; fileEncoding = 4; lastKnownFileType = sourcecode.swift; path = KeyboardManager.swift; sourceTree = "<group>"; };
		77E2AE051C50A88E006EE318 /* Blagh.app */ = {isa = PBXFileReference; explicitFileType = wrapper.application; includeInIndex = 0; path = Blagh.app; sourceTree = BUILT_PRODUCTS_DIR; };
		77E2AE081C50A88E006EE318 /* AppDelegate.swift */ = {isa = PBXFileReference; lastKnownFileType = sourcecode.swift; path = AppDelegate.swift; sourceTree = "<group>"; };
		77E2AE0A1C50A88E006EE318 /* ViewController.swift */ = {isa = PBXFileReference; lastKnownFileType = sourcecode.swift; path = ViewController.swift; sourceTree = "<group>"; };
		77E2AE0D1C50A88E006EE318 /* Base */ = {isa = PBXFileReference; lastKnownFileType = file.storyboard; name = Base; path = Base.lproj/Main.storyboard; sourceTree = "<group>"; };
		77E2AE0F1C50A88F006EE318 /* Assets.xcassets */ = {isa = PBXFileReference; lastKnownFileType = folder.assetcatalog; path = Assets.xcassets; sourceTree = "<group>"; };
		77E2AE121C50A88F006EE318 /* Base */ = {isa = PBXFileReference; lastKnownFileType = file.storyboard; name = Base; path = Base.lproj/LaunchScreen.storyboard; sourceTree = "<group>"; };
		77E2AE141C50A88F006EE318 /* Info.plist */ = {isa = PBXFileReference; lastKnownFileType = text.plist.xml; path = Info.plist; sourceTree = "<group>"; };
		77E2AE191C50A88F006EE318 /* BlaghTests.xctest */ = {isa = PBXFileReference; explicitFileType = wrapper.cfbundle; includeInIndex = 0; path = BlaghTests.xctest; sourceTree = BUILT_PRODUCTS_DIR; };
		77E2AE1D1C50A88F006EE318 /* BlaghTests.swift */ = {isa = PBXFileReference; lastKnownFileType = sourcecode.swift; path = BlaghTests.swift; sourceTree = "<group>"; };
		77E2AE1F1C50A88F006EE318 /* Info.plist */ = {isa = PBXFileReference; lastKnownFileType = text.plist.xml; path = Info.plist; sourceTree = "<group>"; };
		77E2AE241C50A88F006EE318 /* BlaghUITests.xctest */ = {isa = PBXFileReference; explicitFileType = wrapper.cfbundle; includeInIndex = 0; path = BlaghUITests.xctest; sourceTree = BUILT_PRODUCTS_DIR; };
		77E2AE281C50A88F006EE318 /* BlaghUITests.swift */ = {isa = PBXFileReference; lastKnownFileType = sourcecode.swift; path = BlaghUITests.swift; sourceTree = "<group>"; };
		77E2AE2A1C50A88F006EE318 /* Info.plist */ = {isa = PBXFileReference; lastKnownFileType = text.plist.xml; path = Info.plist; sourceTree = "<group>"; };
		77E2AE361C50A92A006EE318 /* SwiftSpinner.swift */ = {isa = PBXFileReference; fileEncoding = 4; lastKnownFileType = sourcecode.swift; path = SwiftSpinner.swift; sourceTree = "<group>"; };
		77E2AE371C50A92A006EE318 /* ImageLoader.swift */ = {isa = PBXFileReference; fileEncoding = 4; lastKnownFileType = sourcecode.swift; path = ImageLoader.swift; sourceTree = "<group>"; };
		77E2AE3D1C50A9AA006EE318 /* UserVC.swift */ = {isa = PBXFileReference; fileEncoding = 4; lastKnownFileType = sourcecode.swift; path = UserVC.swift; sourceTree = "<group>"; };
		77E2AE3F1C50A9AE006EE318 /* SettingsVC.swift */ = {isa = PBXFileReference; fileEncoding = 4; lastKnownFileType = sourcecode.swift; path = SettingsVC.swift; sourceTree = "<group>"; };
		77E2AE411C50A9B4006EE318 /* CenterVC.swift */ = {isa = PBXFileReference; fileEncoding = 4; lastKnownFileType = sourcecode.swift; path = CenterVC.swift; sourceTree = "<group>"; };
		CBB0234AD8330FE87782D313 /* Pods-Blagh.release.xcconfig */ = {isa = PBXFileReference; includeInIndex = 1; lastKnownFileType = text.xcconfig; name = "Pods-Blagh.release.xcconfig"; path = "Pods/Target Support Files/Pods-Blagh/Pods-Blagh.release.xcconfig"; sourceTree = "<group>"; };
		E38BDA17BE5EC022DED8363C /* Pods_Blagh.framework */ = {isa = PBXFileReference; explicitFileType = wrapper.framework; includeInIndex = 0; path = Pods_Blagh.framework; sourceTree = BUILT_PRODUCTS_DIR; };
/* End PBXFileReference section */

/* Begin PBXFrameworksBuildPhase section */
		77E2AE021C50A88E006EE318 /* Frameworks */ = {
			isa = PBXFrameworksBuildPhase;
			buildActionMask = 2147483647;
			files = (
				77AFAC841C54048F008FC89C /* libsqlite3.dylib in Frameworks */,
				4C5D25B46C2AC69095A69689 /* Pods_Blagh.framework in Frameworks */,
			);
			runOnlyForDeploymentPostprocessing = 0;
		};
		77E2AE161C50A88F006EE318 /* Frameworks */ = {
			isa = PBXFrameworksBuildPhase;
			buildActionMask = 2147483647;
			files = (
			);
			runOnlyForDeploymentPostprocessing = 0;
		};
		77E2AE211C50A88F006EE318 /* Frameworks */ = {
			isa = PBXFrameworksBuildPhase;
			buildActionMask = 2147483647;
			files = (
			);
			runOnlyForDeploymentPostprocessing = 0;
		};
/* End PBXFrameworksBuildPhase section */

/* Begin PBXGroup section */
		14AC50A81A4232FC6B4E0F60 /* Pods */ = {
			isa = PBXGroup;
			children = (
				61EACAFA28E3083EA7388738 /* Pods-Blagh.debug.xcconfig */,
				CBB0234AD8330FE87782D313 /* Pods-Blagh.release.xcconfig */,
			);
			name = Pods;
			sourceTree = "<group>";
		};
		77E2ADFC1C50A88E006EE318 = {
			isa = PBXGroup;
			children = (
				77E2AE071C50A88E006EE318 /* Blagh */,
				77E2AE1C1C50A88F006EE318 /* BlaghTests */,
				77E2AE271C50A88F006EE318 /* BlaghUITests */,
				77E2AE061C50A88E006EE318 /* Products */,
				14AC50A81A4232FC6B4E0F60 /* Pods */,
				94AAB44DF5D8BB93D74FAB86 /* Frameworks */,
			);
			sourceTree = "<group>";
		};
		77E2AE061C50A88E006EE318 /* Products */ = {
			isa = PBXGroup;
			children = (
				77E2AE051C50A88E006EE318 /* Blagh.app */,
				77E2AE191C50A88F006EE318 /* BlaghTests.xctest */,
				77E2AE241C50A88F006EE318 /* BlaghUITests.xctest */,
			);
			name = Products;
			sourceTree = "<group>";
		};
		77E2AE071C50A88E006EE318 /* Blagh */ = {
			isa = PBXGroup;
			children = (
				77E2AE3C1C50A99D006EE318 /* VCs */,
				77E2AE3B1C50A93D006EE318 /* Core */,
				77E2AE3A1C50A934006EE318 /* External */,
				77E2AE081C50A88E006EE318 /* AppDelegate.swift */,
				77E2AE0A1C50A88E006EE318 /* ViewController.swift */,
				77E2AE0C1C50A88E006EE318 /* Main.storyboard */,
				77E2AE0F1C50A88F006EE318 /* Assets.xcassets */,
				77E2AE111C50A88F006EE318 /* LaunchScreen.storyboard */,
				77E2AE141C50A88F006EE318 /* Info.plist */,
			);
			path = Blagh;
			sourceTree = "<group>";
		};
		77E2AE1C1C50A88F006EE318 /* BlaghTests */ = {
			isa = PBXGroup;
			children = (
				77E2AE1D1C50A88F006EE318 /* BlaghTests.swift */,
				77E2AE1F1C50A88F006EE318 /* Info.plist */,
			);
			path = BlaghTests;
			sourceTree = "<group>";
		};
		77E2AE271C50A88F006EE318 /* BlaghUITests */ = {
			isa = PBXGroup;
			children = (
				77E2AE281C50A88F006EE318 /* BlaghUITests.swift */,
				77E2AE2A1C50A88F006EE318 /* Info.plist */,
			);
			path = BlaghUITests;
			sourceTree = "<group>";
		};
		77E2AE3A1C50A934006EE318 /* External */ = {
			isa = PBXGroup;
			children = (
				77E2AE361C50A92A006EE318 /* SwiftSpinner.swift */,
				77E2AE371C50A92A006EE318 /* ImageLoader.swift */,
			);
			name = External;
			sourceTree = "<group>";
		};
		77E2AE3B1C50A93D006EE318 /* Core */ = {
			isa = PBXGroup;
			children = (
				77C4D3331C516B2F0082168B /* Singleton.swift */,
			);
			name = Core;
			sourceTree = "<group>";
		};
		77E2AE3C1C50A99D006EE318 /* VCs */ = {
			isa = PBXGroup;
			children = (
				77AFAC7F1C53F887008FC89C /* GenericTable.swift */,
				77E2AE411C50A9B4006EE318 /* CenterVC.swift */,
				77C4D3351C517CA60082168B /* KeyboardManager.swift */,
				77C4D3311C51576F0082168B /* TextEditorVC.swift */,
				77AFAC811C540164008FC89C /* PostEditorVC.swift */,
				77AFAC871C543A1E008FC89C /* TextCell.swift */,
				77E2AE3F1C50A9AE006EE318 /* SettingsVC.swift */,
				77E2AE3D1C50A9AA006EE318 /* UserVC.swift */,
				77AFAC851C543922008FC89C /* ElementCell.swift */,
				77AFAC891C543F41008FC89C /* ElementCell.xib */,
			);
			name = VCs;
			sourceTree = "<group>";
		};
		94AAB44DF5D8BB93D74FAB86 /* Frameworks */ = {
			isa = PBXGroup;
			children = (
				77AFAC831C54048F008FC89C /* libsqlite3.dylib */,
				E38BDA17BE5EC022DED8363C /* Pods_Blagh.framework */,
			);
			name = Frameworks;
			sourceTree = "<group>";
		};
/* End PBXGroup section */

/* Begin PBXNativeTarget section */
		77E2AE041C50A88E006EE318 /* Blagh */ = {
			isa = PBXNativeTarget;
			buildConfigurationList = 77E2AE2D1C50A88F006EE318 /* Build configuration list for PBXNativeTarget "Blagh" */;
			buildPhases = (
				F585450ACEF0C48D962D87F1 /* Check Pods Manifest.lock */,
				77E2AE011C50A88E006EE318 /* Sources */,
				77E2AE021C50A88E006EE318 /* Frameworks */,
				77E2AE031C50A88E006EE318 /* Resources */,
				AC08C8214836A32C188C7208 /* Embed Pods Frameworks */,
				CDFE1FE6F6F33745E51212A6 /* Copy Pods Resources */,
			);
			buildRules = (
			);
			dependencies = (
			);
			name = Blagh;
			productName = Blagh;
			productReference = 77E2AE051C50A88E006EE318 /* Blagh.app */;
			productType = "com.apple.product-type.application";
		};
		77E2AE181C50A88F006EE318 /* BlaghTests */ = {
			isa = PBXNativeTarget;
			buildConfigurationList = 77E2AE301C50A88F006EE318 /* Build configuration list for PBXNativeTarget "BlaghTests" */;
			buildPhases = (
				77E2AE151C50A88F006EE318 /* Sources */,
				77E2AE161C50A88F006EE318 /* Frameworks */,
				77E2AE171C50A88F006EE318 /* Resources */,
			);
			buildRules = (
			);
			dependencies = (
				77E2AE1B1C50A88F006EE318 /* PBXTargetDependency */,
			);
			name = BlaghTests;
			productName = BlaghTests;
			productReference = 77E2AE191C50A88F006EE318 /* BlaghTests.xctest */;
			productType = "com.apple.product-type.bundle.unit-test";
		};
		77E2AE231C50A88F006EE318 /* BlaghUITests */ = {
			isa = PBXNativeTarget;
			buildConfigurationList = 77E2AE331C50A88F006EE318 /* Build configuration list for PBXNativeTarget "BlaghUITests" */;
			buildPhases = (
				77E2AE201C50A88F006EE318 /* Sources */,
				77E2AE211C50A88F006EE318 /* Frameworks */,
				77E2AE221C50A88F006EE318 /* Resources */,
			);
			buildRules = (
			);
			dependencies = (
				77E2AE261C50A88F006EE318 /* PBXTargetDependency */,
			);
			name = BlaghUITests;
			productName = BlaghUITests;
			productReference = 77E2AE241C50A88F006EE318 /* BlaghUITests.xctest */;
			productType = "com.apple.product-type.bundle.ui-testing";
		};
/* End PBXNativeTarget section */

/* Begin PBXProject section */
		77E2ADFD1C50A88E006EE318 /* Project object */ = {
			isa = PBXProject;
			attributes = {
				LastSwiftUpdateCheck = 0720;
				LastUpgradeCheck = 0720;
				ORGANIZATIONNAME = Innogen;
				TargetAttributes = {
					77E2AE041C50A88E006EE318 = {
						CreatedOnToolsVersion = 7.2;
						DevelopmentTeam = V688V75KS8;
					};
					77E2AE181C50A88F006EE318 = {
						CreatedOnToolsVersion = 7.2;
						TestTargetID = 77E2AE041C50A88E006EE318;
					};
					77E2AE231C50A88F006EE318 = {
						CreatedOnToolsVersion = 7.2;
						TestTargetID = 77E2AE041C50A88E006EE318;
					};
				};
			};
			buildConfigurationList = 77E2AE001C50A88E006EE318 /* Build configuration list for PBXProject "Blagh" */;
			compatibilityVersion = "Xcode 3.2";
			developmentRegion = English;
			hasScannedForEncodings = 0;
			knownRegions = (
				en,
				Base,
			);
			mainGroup = 77E2ADFC1C50A88E006EE318;
			productRefGroup = 77E2AE061C50A88E006EE318 /* Products */;
			projectDirPath = "";
			projectRoot = "";
			targets = (
				77E2AE041C50A88E006EE318 /* Blagh */,
				77E2AE181C50A88F006EE318 /* BlaghTests */,
				77E2AE231C50A88F006EE318 /* BlaghUITests */,
			);
		};
/* End PBXProject section */

/* Begin PBXResourcesBuildPhase section */
		77E2AE031C50A88E006EE318 /* Resources */ = {
			isa = PBXResourcesBuildPhase;
			buildActionMask = 2147483647;
			files = (
				77E2AE131C50A88F006EE318 /* LaunchScreen.storyboard in Resources */,
				77E2AE101C50A88F006EE318 /* Assets.xcassets in Resources */,
				77AFAC8A1C543F41008FC89C /* ElementCell.xib in Resources */,
				77E2AE0E1C50A88E006EE318 /* Main.storyboard in Resources */,
			);
			runOnlyForDeploymentPostprocessing = 0;
		};
		77E2AE171C50A88F006EE318 /* Resources */ = {
			isa = PBXResourcesBuildPhase;
			buildActionMask = 2147483647;
			files = (
			);
			runOnlyForDeploymentPostprocessing = 0;
		};
		77E2AE221C50A88F006EE318 /* Resources */ = {
			isa = PBXResourcesBuildPhase;
			buildActionMask = 2147483647;
			files = (
			);
			runOnlyForDeploymentPostprocessing = 0;
		};
/* End PBXResourcesBuildPhase section */

/* Begin PBXShellScriptBuildPhase section */
		AC08C8214836A32C188C7208 /* Embed Pods Frameworks */ = {
			isa = PBXShellScriptBuildPhase;
			buildActionMask = 2147483647;
			files = (
			);
			inputPaths = (
			);
			name = "Embed Pods Frameworks";
			outputPaths = (
			);
			runOnlyForDeploymentPostprocessing = 0;
			shellPath = /bin/sh;
			shellScript = "\"${SRCROOT}/Pods/Target Support Files/Pods-Blagh/Pods-Blagh-frameworks.sh\"\n";
			showEnvVarsInLog = 0;
		};
		CDFE1FE6F6F33745E51212A6 /* Copy Pods Resources */ = {
			isa = PBXShellScriptBuildPhase;
			buildActionMask = 2147483647;
			files = (
			);
			inputPaths = (
			);
			name = "Copy Pods Resources";
			outputPaths = (
			);
			runOnlyForDeploymentPostprocessing = 0;
			shellPath = /bin/sh;
			shellScript = "\"${SRCROOT}/Pods/Target Support Files/Pods-Blagh/Pods-Blagh-resources.sh\"\n";
			showEnvVarsInLog = 0;
		};
		F585450ACEF0C48D962D87F1 /* Check Pods Manifest.lock */ = {
			isa = PBXShellScriptBuildPhase;
			buildActionMask = 2147483647;
			files = (
			);
			inputPaths = (
			);
			name = "Check Pods Manifest.lock";
			outputPaths = (
			);
			runOnlyForDeploymentPostprocessing = 0;
			shellPath = /bin/sh;
			shellScript = "diff \"${PODS_ROOT}/../Podfile.lock\" \"${PODS_ROOT}/Manifest.lock\" > /dev/null\nif [[ $? != 0 ]] ; then\n    cat << EOM\nerror: The sandbox is not in sync with the Podfile.lock. Run 'pod install' or update your CocoaPods installation.\nEOM\n    exit 1\nfi\n";
			showEnvVarsInLog = 0;
		};
/* End PBXShellScriptBuildPhase section */

/* Begin PBXSourcesBuildPhase section */
		77E2AE011C50A88E006EE318 /* Sources */ = {
			isa = PBXSourcesBuildPhase;
			buildActionMask = 2147483647;
			files = (
				77E2AE0B1C50A88E006EE318 /* ViewController.swift in Sources */,
				77C4D3341C516B2F0082168B /* Singleton.swift in Sources */,
				77C4D3361C517CA60082168B /* KeyboardManager.swift in Sources */,
				77AFAC821C540164008FC89C /* PostEditorVC.swift in Sources */,
				77E2AE3E1C50A9AA006EE318 /* UserVC.swift in Sources */,
				77C4D3321C5157700082168B /* TextEditorVC.swift in Sources */,
				77E2AE091C50A88E006EE318 /* AppDelegate.swift in Sources */,
				77AFAC861C543922008FC89C /* ElementCell.swift in Sources */,
				77E2AE391C50A92A006EE318 /* ImageLoader.swift in Sources */,
				77E2AE421C50A9B4006EE318 /* CenterVC.swift in Sources */,
				77AFAC881C543A1E008FC89C /* TextCell.swift in Sources */,
				77E2AE381C50A92A006EE318 /* SwiftSpinner.swift in Sources */,
				77AFAC801C53F887008FC89C /* GenericTable.swift in Sources */,
				77E2AE401C50A9AE006EE318 /* SettingsVC.swift in Sources */,
			);
			runOnlyForDeploymentPostprocessing = 0;
		};
		77E2AE151C50A88F006EE318 /* Sources */ = {
			isa = PBXSourcesBuildPhase;
			buildActionMask = 2147483647;
			files = (
				77E2AE1E1C50A88F006EE318 /* BlaghTests.swift in Sources */,
			);
			runOnlyForDeploymentPostprocessing = 0;
		};
		77E2AE201C50A88F006EE318 /* Sources */ = {
			isa = PBXSourcesBuildPhase;
			buildActionMask = 2147483647;
			files = (
				77E2AE291C50A88F006EE318 /* BlaghUITests.swift in Sources */,
			);
			runOnlyForDeploymentPostprocessing = 0;
		};
/* End PBXSourcesBuildPhase section */

/* Begin PBXTargetDependency section */
		77E2AE1B1C50A88F006EE318 /* PBXTargetDependency */ = {
			isa = PBXTargetDependency;
			target = 77E2AE041C50A88E006EE318 /* Blagh */;
			targetProxy = 77E2AE1A1C50A88F006EE318 /* PBXContainerItemProxy */;
		};
		77E2AE261C50A88F006EE318 /* PBXTargetDependency */ = {
			isa = PBXTargetDependency;
			target = 77E2AE041C50A88E006EE318 /* Blagh */;
			targetProxy = 77E2AE251C50A88F006EE318 /* PBXContainerItemProxy */;
		};
/* End PBXTargetDependency section */

/* Begin PBXVariantGroup section */
		77E2AE0C1C50A88E006EE318 /* Main.storyboard */ = {
			isa = PBXVariantGroup;
			children = (
				77E2AE0D1C50A88E006EE318 /* Base */,
			);
			name = Main.storyboard;
			sourceTree = "<group>";
		};
		77E2AE111C50A88F006EE318 /* LaunchScreen.storyboard */ = {
			isa = PBXVariantGroup;
			children = (
				77E2AE121C50A88F006EE318 /* Base */,
			);
			name = LaunchScreen.storyboard;
			sourceTree = "<group>";
		};
/* End PBXVariantGroup section */

/* Begin XCBuildConfiguration section */
		77E2AE2B1C50A88F006EE318 /* Debug */ = {
			isa = XCBuildConfiguration;
			buildSettings = {
				ALWAYS_SEARCH_USER_PATHS = NO;
				CLANG_CXX_LANGUAGE_STANDARD = "gnu++0x";
				CLANG_CXX_LIBRARY = "libc++";
				CLANG_ENABLE_MODULES = YES;
				CLANG_ENABLE_OBJC_ARC = YES;
				CLANG_WARN_BOOL_CONVERSION = YES;
				CLANG_WARN_CONSTANT_CONVERSION = YES;
				CLANG_WARN_DIRECT_OBJC_ISA_USAGE = YES_ERROR;
				CLANG_WARN_EMPTY_BODY = YES;
				CLANG_WARN_ENUM_CONVERSION = YES;
				CLANG_WARN_INT_CONVERSION = YES;
				CLANG_WARN_OBJC_ROOT_CLASS = YES_ERROR;
				CLANG_WARN_UNREACHABLE_CODE = YES;
				CLANG_WARN__DUPLICATE_METHOD_MATCH = YES;
				"CODE_SIGN_IDENTITY[sdk=iphoneos*]" = "iPhone Developer";
				COPY_PHASE_STRIP = NO;
				DEBUG_INFORMATION_FORMAT = dwarf;
				ENABLE_STRICT_OBJC_MSGSEND = YES;
				ENABLE_TESTABILITY = YES;
				GCC_C_LANGUAGE_STANDARD = gnu99;
				GCC_DYNAMIC_NO_PIC = NO;
				GCC_NO_COMMON_BLOCKS = YES;
				GCC_OPTIMIZATION_LEVEL = 0;
				GCC_PREPROCESSOR_DEFINITIONS = (
					"DEBUG=1",
					"$(inherited)",
				);
				GCC_WARN_64_TO_32_BIT_CONVERSION = YES;
				GCC_WARN_ABOUT_RETURN_TYPE = YES_ERROR;
				GCC_WARN_UNDECLARED_SELECTOR = YES;
				GCC_WARN_UNINITIALIZED_AUTOS = YES_AGGRESSIVE;
				GCC_WARN_UNUSED_FUNCTION = YES;
				GCC_WARN_UNUSED_VARIABLE = YES;
				IPHONEOS_DEPLOYMENT_TARGET = 9.2;
				MTL_ENABLE_DEBUG_INFO = YES;
				ONLY_ACTIVE_ARCH = YES;
				SDKROOT = iphoneos;
				SWIFT_OPTIMIZATION_LEVEL = "-Onone";
			};
			name = Debug;
		};
		77E2AE2C1C50A88F006EE318 /* Release */ = {
			isa = XCBuildConfiguration;
			buildSettings = {
				ALWAYS_SEARCH_USER_PATHS = NO;
				CLANG_CXX_LANGUAGE_STANDARD = "gnu++0x";
				CLANG_CXX_LIBRARY = "libc++";
				CLANG_ENABLE_MODULES = YES;
				CLANG_ENABLE_OBJC_ARC = YES;
				CLANG_WARN_BOOL_CONVERSION = YES;
				CLANG_WARN_CONSTANT_CONVERSION = YES;
				CLANG_WARN_DIRECT_OBJC_ISA_USAGE = YES_ERROR;
				CLANG_WARN_EMPTY_BODY = YES;
				CLANG_WARN_ENUM_CONVERSION = YES;
				CLANG_WARN_INT_CONVERSION = YES;
				CLANG_WARN_OBJC_ROOT_CLASS = YES_ERROR;
				CLANG_WARN_UNREACHABLE_CODE = YES;
				CLANG_WARN__DUPLICATE_METHOD_MATCH = YES;
				"CODE_SIGN_IDENTITY[sdk=iphoneos*]" = "iPhone Developer";
				COPY_PHASE_STRIP = NO;
				DEBUG_INFORMATION_FORMAT = "dwarf-with-dsym";
				ENABLE_NS_ASSERTIONS = NO;
				ENABLE_STRICT_OBJC_MSGSEND = YES;
				GCC_C_LANGUAGE_STANDARD = gnu99;
				GCC_NO_COMMON_BLOCKS = YES;
				GCC_WARN_64_TO_32_BIT_CONVERSION = YES;
				GCC_WARN_ABOUT_RETURN_TYPE = YES_ERROR;
				GCC_WARN_UNDECLARED_SELECTOR = YES;
				GCC_WARN_UNINITIALIZED_AUTOS = YES_AGGRESSIVE;
				GCC_WARN_UNUSED_FUNCTION = YES;
				GCC_WARN_UNUSED_VARIABLE = YES;
				IPHONEOS_DEPLOYMENT_TARGET = 9.2;
				MTL_ENABLE_DEBUG_INFO = NO;
				SDKROOT = iphoneos;
				VALIDATE_PRODUCT = YES;
			};
			name = Release;
		};
		77E2AE2E1C50A88F006EE318 /* Debug */ = {
			isa = XCBuildConfiguration;
			baseConfigurationReference = 61EACAFA28E3083EA7388738 /* Pods-Blagh.debug.xcconfig */;
			buildSettings = {
				ASSETCATALOG_COMPILER_APPICON_NAME = AppIcon;
				CODE_SIGN_IDENTITY = "iPhone Developer";
				"CODE_SIGN_IDENTITY[sdk=iphoneos*]" = "iPhone Developer";
				INFOPLIST_FILE = Blagh/Info.plist;
				LD_RUNPATH_SEARCH_PATHS = "$(inherited) @executable_path/Frameworks";
				PRODUCT_BUNDLE_IDENTIFIER = com.WZ.Blagh;
				PRODUCT_NAME = "$(TARGET_NAME)";
				PROVISIONING_PROFILE = "";
			};
			name = Debug;
		};
		77E2AE2F1C50A88F006EE318 /* Release */ = {
			isa = XCBuildConfiguration;
			baseConfigurationReference = CBB0234AD8330FE87782D313 /* Pods-Blagh.release.xcconfig */;
			buildSettings = {
				ASSETCATALOG_COMPILER_APPICON_NAME = AppIcon;
				CODE_SIGN_IDENTITY = "iPhone Developer";
				"CODE_SIGN_IDENTITY[sdk=iphoneos*]" = "iPhone Developer";
				INFOPLIST_FILE = Blagh/Info.plist;
				LD_RUNPATH_SEARCH_PATHS = "$(inherited) @executable_path/Frameworks";
				PRODUCT_BUNDLE_IDENTIFIER = com.WZ.Blagh;
				PRODUCT_NAME = "$(TARGET_NAME)";
				PROVISIONING_PROFILE = "";
			};
			name = Release;
		};
		77E2AE311C50A88F006EE318 /* Debug */ = {
			isa = XCBuildConfiguration;
			buildSettings = {
				BUNDLE_LOADER = "$(TEST_HOST)";
				INFOPLIST_FILE = BlaghTests/Info.plist;
				LD_RUNPATH_SEARCH_PATHS = "$(inherited) @executable_path/Frameworks @loader_path/Frameworks";
				PRODUCT_BUNDLE_IDENTIFIER = com.WZ.BlaghTests;
				PRODUCT_NAME = "$(TARGET_NAME)";
				TEST_HOST = "$(BUILT_PRODUCTS_DIR)/Blagh.app/Blagh";
			};
			name = Debug;
		};
		77E2AE321C50A88F006EE318 /* Release */ = {
			isa = XCBuildConfiguration;
			buildSettings = {
				BUNDLE_LOADER = "$(TEST_HOST)";
				INFOPLIST_FILE = BlaghTests/Info.plist;
				LD_RUNPATH_SEARCH_PATHS = "$(inherited) @executable_path/Frameworks @loader_path/Frameworks";
				PRODUCT_BUNDLE_IDENTIFIER = com.WZ.BlaghTests;
				PRODUCT_NAME = "$(TARGET_NAME)";
				TEST_HOST = "$(BUILT_PRODUCTS_DIR)/Blagh.app/Blagh";
			};
			name = Release;
		};
		77E2AE341C50A88F006EE318 /* Debug */ = {
			isa = XCBuildConfiguration;
			buildSettings = {
				INFOPLIST_FILE = BlaghUITests/Info.plist;
				LD_RUNPATH_SEARCH_PATHS = "$(inherited) @executable_path/Frameworks @loader_path/Frameworks";
				PRODUCT_BUNDLE_IDENTIFIER = com.WZ.BlaghUITests;
				PRODUCT_NAME = "$(TARGET_NAME)";
				TEST_TARGET_NAME = Blagh;
				USES_XCTRUNNER = YES;
			};
			name = Debug;
		};
		77E2AE351C50A88F006EE318 /* Release */ = {
			isa = XCBuildConfiguration;
			buildSettings = {
				INFOPLIST_FILE = BlaghUITests/Info.plist;
				LD_RUNPATH_SEARCH_PATHS = "$(inherited) @executable_path/Frameworks @loader_path/Frameworks";
				PRODUCT_BUNDLE_IDENTIFIER = com.WZ.BlaghUITests;
				PRODUCT_NAME = "$(TARGET_NAME)";
				TEST_TARGET_NAME = Blagh;
				USES_XCTRUNNER = YES;
			};
			name = Release;
		};
/* End XCBuildConfiguration section */

/* Begin XCConfigurationList section */
		77E2AE001C50A88E006EE318 /* Build configuration list for PBXProject "Blagh" */ = {
			isa = XCConfigurationList;
			buildConfigurations = (
				77E2AE2B1C50A88F006EE318 /* Debug */,
				77E2AE2C1C50A88F006EE318 /* Release */,
			);
			defaultConfigurationIsVisible = 0;
			defaultConfigurationName = Release;
		};
		77E2AE2D1C50A88F006EE318 /* Build configuration list for PBXNativeTarget "Blagh" */ = {
			isa = XCConfigurationList;
			buildConfigurations = (
				77E2AE2E1C50A88F006EE318 /* Debug */,
				77E2AE2F1C50A88F006EE318 /* Release */,
			);
			defaultConfigurationIsVisible = 0;
			defaultConfigurationName = Release;
		};
		77E2AE301C50A88F006EE318 /* Build configuration list for PBXNativeTarget "BlaghTests" */ = {
			isa = XCConfigurationList;
			buildConfigurations = (
				77E2AE311C50A88F006EE318 /* Debug */,
				77E2AE321C50A88F006EE318 /* Release */,
			);
			defaultConfigurationIsVisible = 0;
			defaultConfigurationName = Release;
		};
		77E2AE331C50A88F006EE318 /* Build configuration list for PBXNativeTarget "BlaghUITests" */ = {
			isa = XCConfigurationList;
			buildConfigurations = (
				77E2AE341C50A88F006EE318 /* Debug */,
				77E2AE351C50A88F006EE318 /* Release */,
			);
			defaultConfigurationIsVisible = 0;
			defaultConfigurationName = Release;
		};
/* End XCConfigurationList section */
	};
	rootObject = 77E2ADFD1C50A88E006EE318 /* Project object */;
}
